
Microsoft Visual Studio Solution File, Format Version 12.00
# Visual Studio Version 17
VisualStudioVersion = 17.7.34202.233
MinimumVisualStudioVersion = 10.0.40219.1
Project("{2150E333-8FDC-42A3-9474-1A3956D46DE8}") = "src", "src", "{E719A028-C79F-4B69-A87B-614DD4CC5748}"
EndProject
Project("{9A19103F-16F7-4668-BE54-9A1E7A4F7556}") = "Leo.Web", "src\Leo.Web\Leo.Web.csproj", "{E0D523F0-03C8-4B5B-B916-EA5DE198C573}"
EndProject
Project("{9A19103F-16F7-4668-BE54-9A1E7A4F7556}") = "Leo.App", "src\Leo.App\Leo.App.csproj", "{0919CD0D-BF4D-4B83-B429-1CE63C830B0E}"
EndProject
Project("{9A19103F-16F7-4668-BE54-9A1E7A4F7556}") = "Leo.Web.Data", "src\Leo.Web.Data\Leo.Web.Data.csproj", "{3F730B92-1C4F-434A-822E-7A9125C52E14}"
EndProject
Project("{9A19103F-16F7-4668-BE54-9A1E7A4F7556}") = "Leo.Web.Data.SQLite", "src\Leo.Web.Data.SQLite\Leo.Web.Data.SQLite.csproj", "{FFA33A14-2AEA-4123-954F-7BBD4FBF0963}"
EndProject
Project("{9A19103F-16F7-4668-BE54-9A1E7A4F7556}") = "Leo.UI.Services", "src\Leo.UI.Services\Leo.UI.Services.csproj", "{F2FDA641-C57E-4ADC-89DF-CCC2C44E5982}"
EndProject
Project("{9A19103F-16F7-4668-BE54-9A1E7A4F7556}") = "Leo.Data.Domain", "src\Leo.Data.Domain\Leo.Data.Domain.csproj", "{52E0D2E0-E383-4D7F-8538-AF0031F428E9}"
EndProject
Global
	GlobalSection(SolutionConfigurationPlatforms) = preSolution
		Debug|Any CPU = Debug|Any CPU
		Debug|x64 = Debug|x64
		Debug|x86 = Debug|x86
		Release|Any CPU = Release|Any CPU
		Release|x64 = Release|x64
		Release|x86 = Release|x86
	EndGlobalSection
	GlobalSection(ProjectConfigurationPlatforms) = postSolution
		{E0D523F0-03C8-4B5B-B916-EA5DE198C573}.Debug|Any CPU.ActiveCfg = Debug|Any CPU
		{E0D523F0-03C8-4B5B-B916-EA5DE198C573}.Debug|Any CPU.Build.0 = Debug|Any CPU
		{E0D523F0-03C8-4B5B-B916-EA5DE198C573}.Debug|x64.ActiveCfg = Debug|Any CPU
		{E0D523F0-03C8-4B5B-B916-EA5DE198C573}.Debug|x64.Build.0 = Debug|Any CPU
		{E0D523F0-03C8-4B5B-B916-EA5DE198C573}.Debug|x86.ActiveCfg = Debug|Any CPU
		{E0D523F0-03C8-4B5B-B916-EA5DE198C573}.Debug|x86.Build.0 = Debug|Any CPU
		{E0D523F0-03C8-4B5B-B916-EA5DE198C573}.Release|Any CPU.ActiveCfg = Release|Any CPU
		{E0D523F0-03C8-4B5B-B916-EA5DE198C573}.Release|Any CPU.Build.0 = Release|Any CPU
		{E0D523F0-03C8-4B5B-B916-EA5DE198C573}.Release|x64.ActiveCfg = Release|Any CPU
		{E0D523F0-03C8-4B5B-B916-EA5DE198C573}.Release|x64.Build.0 = Release|Any CPU
		{E0D523F0-03C8-4B5B-B916-EA5DE198C573}.Release|x86.ActiveCfg = Release|Any CPU
		{E0D523F0-03C8-4B5B-B916-EA5DE198C573}.Release|x86.Build.0 = Release|Any CPU
		{0919CD0D-BF4D-4B83-B429-1CE63C830B0E}.Debug|Any CPU.ActiveCfg = Debug|Any CPU
		{0919CD0D-BF4D-4B83-B429-1CE63C830B0E}.Debug|Any CPU.Build.0 = Debug|Any CPU
		{0919CD0D-BF4D-4B83-B429-1CE63C830B0E}.Debug|x64.ActiveCfg = Debug|Any CPU
		{0919CD0D-BF4D-4B83-B429-1CE63C830B0E}.Debug|x64.Build.0 = Debug|Any CPU
		{0919CD0D-BF4D-4B83-B429-1CE63C830B0E}.Debug|x86.ActiveCfg = Debug|Any CPU
		{0919CD0D-BF4D-4B83-B429-1CE63C830B0E}.Debug|x86.Build.0 = Debug|Any CPU
		{0919CD0D-BF4D-4B83-B429-1CE63C830B0E}.Release|Any CPU.ActiveCfg = Release|Any CPU
		{0919CD0D-BF4D-4B83-B429-1CE63C830B0E}.Release|Any CPU.Build.0 = Release|Any CPU
		{0919CD0D-BF4D-4B83-B429-1CE63C830B0E}.Release|x64.ActiveCfg = Release|Any CPU
		{0919CD0D-BF4D-4B83-B429-1CE63C830B0E}.Release|x64.Build.0 = Release|Any CPU
		{0919CD0D-BF4D-4B83-B429-1CE63C830B0E}.Release|x86.ActiveCfg = Release|Any CPU
		{0919CD0D-BF4D-4B83-B429-1CE63C830B0E}.Release|x86.Build.0 = Release|Any CPU
		{3F730B92-1C4F-434A-822E-7A9125C52E14}.Debug|Any CPU.ActiveCfg = Debug|Any CPU
		{3F730B92-1C4F-434A-822E-7A9125C52E14}.Debug|Any CPU.Build.0 = Debug|Any CPU
		{3F730B92-1C4F-434A-822E-7A9125C52E14}.Debug|x64.ActiveCfg = Debug|Any CPU
		{3F730B92-1C4F-434A-822E-7A9125C52E14}.Debug|x64.Build.0 = Debug|Any CPU
		{3F730B92-1C4F-434A-822E-7A9125C52E14}.Debug|x86.ActiveCfg = Debug|Any CPU
		{3F730B92-1C4F-434A-822E-7A9125C52E14}.Debug|x86.Build.0 = Debug|Any CPU
		{3F730B92-1C4F-434A-822E-7A9125C52E14}.Release|Any CPU.ActiveCfg = Release|Any CPU
		{3F730B92-1C4F-434A-822E-7A9125C52E14}.Release|Any CPU.Build.0 = Release|Any CPU
		{3F730B92-1C4F-434A-822E-7A9125C52E14}.Release|x64.ActiveCfg = Release|Any CPU
		{3F730B92-1C4F-434A-822E-7A9125C52E14}.Release|x64.Build.0 = Release|Any CPU
		{3F730B92-1C4F-434A-822E-7A9125C52E14}.Release|x86.ActiveCfg = Release|Any CPU
		{3F730B92-1C4F-434A-822E-7A9125C52E14}.Release|x86.Build.0 = Release|Any CPU
		{FFA33A14-2AEA-4123-954F-7BBD4FBF0963}.Debug|Any CPU.ActiveCfg = Debug|Any CPU
		{FFA33A14-2AEA-4123-954F-7BBD4FBF0963}.Debug|Any CPU.Build.0 = Debug|Any CPU
		{FFA33A14-2AEA-4123-954F-7BBD4FBF0963}.Debug|x64.ActiveCfg = Debug|Any CPU
		{FFA33A14-2AEA-4123-954F-7BBD4FBF0963}.Debug|x64.Build.0 = Debug|Any CPU
		{FFA33A14-2AEA-4123-954F-7BBD4FBF0963}.Debug|x86.ActiveCfg = Debug|Any CPU
		{FFA33A14-2AEA-4123-954F-7BBD4FBF0963}.Debug|x86.Build.0 = Debug|Any CPU
		{FFA33A14-2AEA-4123-954F-7BBD4FBF0963}.Release|Any CPU.ActiveCfg = Release|Any CPU
		{FFA33A14-2AEA-4123-954F-7BBD4FBF0963}.Release|Any CPU.Build.0 = Release|Any CPU
		{FFA33A14-2AEA-4123-954F-7BBD4FBF0963}.Release|x64.ActiveCfg = Release|Any CPU
		{FFA33A14-2AEA-4123-954F-7BBD4FBF0963}.Release|x64.Build.0 = Release|Any CPU
		{FFA33A14-2AEA-4123-954F-7BBD4FBF0963}.Release|x86.ActiveCfg = Release|Any CPU
		{FFA33A14-2AEA-4123-954F-7BBD4FBF0963}.Release|x86.Build.0 = Release|Any CPU
		{F2FDA641-C57E-4ADC-89DF-CCC2C44E5982}.Debug|Any CPU.ActiveCfg = Debug|Any CPU
		{F2FDA641-C57E-4ADC-89DF-CCC2C44E5982}.Debug|Any CPU.Build.0 = Debug|Any CPU
		{F2FDA641-C57E-4ADC-89DF-CCC2C44E5982}.Debug|x64.ActiveCfg = Debug|Any CPU
		{F2FDA641-C57E-4ADC-89DF-CCC2C44E5982}.Debug|x64.Build.0 = Debug|Any CPU
		{F2FDA641-C57E-4ADC-89DF-CCC2C44E5982}.Debug|x86.ActiveCfg = Debug|Any CPU
		{F2FDA641-C57E-4ADC-89DF-CCC2C44E5982}.Debug|x86.Build.0 = Debug|Any CPU
		{F2FDA641-C57E-4ADC-89DF-CCC2C44E5982}.Release|Any CPU.ActiveCfg = Release|Any CPU
		{F2FDA641-C57E-4ADC-89DF-CCC2C44E5982}.Release|Any CPU.Build.0 = Release|Any CPU
		{F2FDA641-C57E-4ADC-89DF-CCC2C44E5982}.Release|x64.ActiveCfg = Release|Any CPU
		{F2FDA641-C57E-4ADC-89DF-CCC2C44E5982}.Release|x64.Build.0 = Release|Any CPU
		{F2FDA641-C57E-4ADC-89DF-CCC2C44E5982}.Release|x86.ActiveCfg = Release|Any CPU
		{F2FDA641-C57E-4ADC-89DF-CCC2C44E5982}.Release|x86.Build.0 = Release|Any CPU
		{52E0D2E0-E383-4D7F-8538-AF0031F428E9}.Debug|Any CPU.ActiveCfg = Debug|Any CPU
		{52E0D2E0-E383-4D7F-8538-AF0031F428E9}.Debug|Any CPU.Build.0 = Debug|Any CPU
		{52E0D2E0-E383-4D7F-8538-AF0031F428E9}.Debug|x64.ActiveCfg = Debug|Any CPU
		{52E0D2E0-E383-4D7F-8538-AF0031F428E9}.Debug|x64.Build.0 = Debug|Any CPU
		{52E0D2E0-E383-4D7F-8538-AF0031F428E9}.Debug|x86.ActiveCfg = Debug|Any CPU
		{52E0D2E0-E383-4D7F-8538-AF0031F428E9}.Debug|x86.Build.0 = Debug|Any CPU
		{52E0D2E0-E383-4D7F-8538-AF0031F428E9}.Release|Any CPU.ActiveCfg = Release|Any CPU
		{52E0D2E0-E383-4D7F-8538-AF0031F428E9}.Release|Any CPU.Build.0 = Release|Any CPU
		{52E0D2E0-E383-4D7F-8538-AF0031F428E9}.Release|x64.ActiveCfg = Release|Any CPU
		{52E0D2E0-E383-4D7F-8538-AF0031F428E9}.Release|x64.Build.0 = Release|Any CPU
		{52E0D2E0-E383-4D7F-8538-AF0031F428E9}.Release|x86.ActiveCfg = Release|Any CPU
		{52E0D2E0-E383-4D7F-8538-AF0031F428E9}.Release|x86.Build.0 = Release|Any CPU
	EndGlobalSection
	GlobalSection(SolutionProperties) = preSolution
		HideSolutionNode = FALSE
	EndGlobalSection
	GlobalSection(NestedProjects) = preSolution
		{E0D523F0-03C8-4B5B-B916-EA5DE198C573} = {E719A028-C79F-4B69-A87B-614DD4CC5748}
		{0919CD0D-BF4D-4B83-B429-1CE63C830B0E} = {E719A028-C79F-4B69-A87B-614DD4CC5748}
		{3F730B92-1C4F-434A-822E-7A9125C52E14} = {E719A028-C79F-4B69-A87B-614DD4CC5748}
		{FFA33A14-2AEA-4123-954F-7BBD4FBF0963} = {E719A028-C79F-4B69-A87B-614DD4CC5748}
		{F2FDA641-C57E-4ADC-89DF-CCC2C44E5982} = {E719A028-C79F-4B69-A87B-614DD4CC5748}
		{52E0D2E0-E383-4D7F-8538-AF0031F428E9} = {E719A028-C79F-4B69-A87B-614DD4CC5748}
	EndGlobalSection
	GlobalSection(ExtensibilityGlobals) = postSolution
		SolutionGuid = {DA7F0677-1F7B-476F-A1BF-A55979EDF2E5}
	EndGlobalSection
EndGlobal
